// !$*UTF8*$!
{
	archiveVersion = 1;
	classes = {
	};
	objectVersion = 56;
	objects = {

/* Begin PBXBuildFile section */
		930F26C92ADD0D8B00896A32 /* OrumApp.swift in Sources */ = {isa = PBXBuildFile; fileRef = 930F26C82ADD0D8B00896A32 /* OrumApp.swift */; };
		930F26CD2ADD0D8C00896A32 /* Assets.xcassets in Resources */ = {isa = PBXBuildFile; fileRef = 930F26CC2ADD0D8C00896A32 /* Assets.xcassets */; };
		930F26D12ADD0D8C00896A32 /* Preview Assets.xcassets in Resources */ = {isa = PBXBuildFile; fileRef = 930F26D02ADD0D8C00896A32 /* Preview Assets.xcassets */; };
		93194FD32AF8B75A002C1BE4 /* View+CornerRadius.swift in Sources */ = {isa = PBXBuildFile; fileRef = 93194FD22AF8B75A002C1BE4 /* View+CornerRadius.swift */; };
		93194FD52AF8B8D8002C1BE4 /* Lesson.swift in Sources */ = {isa = PBXBuildFile; fileRef = 93194FD42AF8B8D8002C1BE4 /* Lesson.swift */; };
		93194FD82AF8B910002C1BE4 /* Chapter.swift in Sources */ = {isa = PBXBuildFile; fileRef = 93194FD72AF8B910002C1BE4 /* Chapter.swift */; };
		93194FDD2AF8F28D002C1BE4 /* Dictionary+RawValue.swift in Sources */ = {isa = PBXBuildFile; fileRef = 93194FDC2AF8F28D002C1BE4 /* Dictionary+RawValue.swift */; };
		9336E2042AF7B0D3000B9E76 /* HangulUnitEnum.swift in Sources */ = {isa = PBXBuildFile; fileRef = 9336E2032AF7B0D3000B9E76 /* HangulUnitEnum.swift */; };
		9336E20A2AF7B505000B9E76 /* Constants.swift in Sources */ = {isa = PBXBuildFile; fileRef = 9336E2092AF7B505000B9E76 /* Constants.swift */; };
		9336E20E2AF7BD00000B9E76 /* Array<String>+ConcatArray.swift in Sources */ = {isa = PBXBuildFile; fileRef = 9336E20D2AF7BD00000B9E76 /* Array<String>+ConcatArray.swift */; };
		93419DD32AF0AB1600DCB322 /* EducationManager.swift in Sources */ = {isa = PBXBuildFile; fileRef = 93419DD12AF0AB1600DCB322 /* EducationManager.swift */; };
		934912A32B04A00000AF7813 /* ContentView.swift in Sources */ = {isa = PBXBuildFile; fileRef = 934912A22B04A00000AF7813 /* ContentView.swift */; };
		936BDEF02B04A48700A609B8 /* CollectionView.swift in Sources */ = {isa = PBXBuildFile; fileRef = 936BDEEF2B04A48700A609B8 /* CollectionView.swift */; };
		936BDEF22B04A53400A609B8 /* CollectionDetailView.swift in Sources */ = {isa = PBXBuildFile; fileRef = 936BDEF12B04A53400A609B8 /* CollectionDetailView.swift */; };
		936BDEF72B04A65100A609B8 /* PracticeView.swift in Sources */ = {isa = PBXBuildFile; fileRef = 936BDEF62B04A65100A609B8 /* PracticeView.swift */; };
		936BDF062B04CF1D00A609B8 /* LearningLessonView.swift in Sources */ = {isa = PBXBuildFile; fileRef = 936BDF052B04CF1D00A609B8 /* LearningLessonView.swift */; };
		937620372AF0807F00DE2C50 /* LearningView.swift in Sources */ = {isa = PBXBuildFile; fileRef = 937620362AF0807F00DE2C50 /* LearningView.swift */; };
		9376203D2AF080B500DE2C50 /* HangulEducationView.swift in Sources */ = {isa = PBXBuildFile; fileRef = 9376203C2AF080B500DE2C50 /* HangulEducationView.swift */; };
		93D529772B0311EF00DA743E /* BasicVowelCheckView.swift in Sources */ = {isa = PBXBuildFile; fileRef = 93D529762B0311EF00DA743E /* BasicVowelCheckView.swift */; };
		93D529792B031BFB00DA743E /* EpilogueLessonView.swift in Sources */ = {isa = PBXBuildFile; fileRef = 93D529782B031BFB00DA743E /* EpilogueLessonView.swift */; };
		93D5297B2B031C0500DA743E /* PrologueLessonView.swift in Sources */ = {isa = PBXBuildFile; fileRef = 93D5297A2B031C0500DA743E /* PrologueLessonView.swift */; };
		93DA78EF2AFB6233004BB43F /* VowelDrawingView.swift in Sources */ = {isa = PBXBuildFile; fileRef = 93DA78EE2AFB6233004BB43F /* VowelDrawingView.swift */; };
		93DA78F12AFB6912004BB43F /* SameCardCollectingQuizView.swift in Sources */ = {isa = PBXBuildFile; fileRef = 93DA78F02AFB6912004BB43F /* SameCardCollectingQuizView.swift */; };
		93DA78F42AFB6B35004BB43F /* ConsonantOnboarding.swift in Sources */ = {isa = PBXBuildFile; fileRef = 93DA78F32AFB6B35004BB43F /* ConsonantOnboarding.swift */; };
		93EF74AC2B04DA08003111CD /* OnboardingView.swift in Sources */ = {isa = PBXBuildFile; fileRef = 93EF74AB2B04DA08003111CD /* OnboardingView.swift */; };
		D9037CE72AF0C4270098DB57 /* HangulEducationLearningView.swift in Sources */ = {isa = PBXBuildFile; fileRef = D9037CE62AF0C4260098DB57 /* HangulEducationLearningView.swift */; };
		D9037CE92AF0C55A0098DB57 /* HangulQuizView.swift in Sources */ = {isa = PBXBuildFile; fileRef = D9037CE82AF0C55A0098DB57 /* HangulQuizView.swift */; };
		D9037D092AF0D2B70098DB57 /* HangulCardView.swift in Sources */ = {isa = PBXBuildFile; fileRef = D9037D082AF0D2B70098DB57 /* HangulCardView.swift */; };
		D9037D0B2AF11FD50098DB57 /* HangulEducationRecapView.swift in Sources */ = {isa = PBXBuildFile; fileRef = D9037D0A2AF11FD50098DB57 /* HangulEducationRecapView.swift */; };
		D90B0DFC2AF8697000401C87 /* HangulEducationInstructionView.swift in Sources */ = {isa = PBXBuildFile; fileRef = D90B0DFB2AF8697000401C87 /* HangulEducationInstructionView.swift */; };
		D91B67462B04A3F00030F86D /* HangulQuiz.swift in Sources */ = {isa = PBXBuildFile; fileRef = D91B67452B04A3F00030F86D /* HangulQuiz.swift */; };
		D91B67482B04B01C0030F86D /* HangulUnitQuizEnum.swift in Sources */ = {isa = PBXBuildFile; fileRef = D91B67472B04B01C0030F86D /* HangulUnitQuizEnum.swift */; };
		D91B67582B05BB880030F86D /* HangulEducationQuizView.swift in Sources */ = {isa = PBXBuildFile; fileRef = D91B67572B05BB880030F86D /* HangulEducationQuizView.swift */; };
		D91B675B2B05C1380030F86D /* EpilogueInstructionView.swift in Sources */ = {isa = PBXBuildFile; fileRef = D91B675A2B05C1380030F86D /* EpilogueInstructionView.swift */; };
		D91B675D2B05C41D0030F86D /* EpilogueQuizVIew.swift in Sources */ = {isa = PBXBuildFile; fileRef = D91B675C2B05C41D0030F86D /* EpilogueQuizVIew.swift */; };
		D91B675F2B0609D00030F86D /* PracticeChapterView.swift in Sources */ = {isa = PBXBuildFile; fileRef = D91B675E2B0609D00030F86D /* PracticeChapterView.swift */; };
		D91B67612B062AA50030F86D /* PracticeLessonView.swift in Sources */ = {isa = PBXBuildFile; fileRef = D91B67602B062AA50030F86D /* PracticeLessonView.swift */; };
		D967D1BD2AE2932C008B3379 /* HangulCard.swift in Sources */ = {isa = PBXBuildFile; fileRef = D967D1BC2AE2932C008B3379 /* HangulCard.swift */; };
		D967D1C12AE2A968008B3379 /* HangulUnit.swift in Sources */ = {isa = PBXBuildFile; fileRef = D967D1C02AE2A968008B3379 /* HangulUnit.swift */; };
		D967D1C72AE2C761008B3379 /* UIColor+Hex.swift in Sources */ = {isa = PBXBuildFile; fileRef = D967D1C62AE2C761008B3379 /* UIColor+Hex.swift */; };
		D967D1C92AE40F4E008B3379 /* TTSManager.swift in Sources */ = {isa = PBXBuildFile; fileRef = D967D1C82AE40F4E008B3379 /* TTSManager.swift */; };
		D96BAC682AE6C35600613540 /* Lottie in Frameworks */ = {isa = PBXBuildFile; productRef = D96BAC672AE6C35600613540 /* Lottie */; };
		D96BAC6A2AE6C37800613540 /* LottieView.swift in Sources */ = {isa = PBXBuildFile; fileRef = D96BAC692AE6C37800613540 /* LottieView.swift */; };
		D96BAC6D2AE6C46600613540 /* ㄱ.json in Resources */ = {isa = PBXBuildFile; fileRef = D96BAC6C2AE6C46600613540 /* ㄱ.json */; };
		D96D943F2AE777E50077F2C1 /* 나.mp3 in Resources */ = {isa = PBXBuildFile; fileRef = D96D94372AE777E50077F2C1 /* 나.mp3 */; };
		D96D94402AE777E50077F2C1 /* 구.mp3 in Resources */ = {isa = PBXBuildFile; fileRef = D96D94382AE777E50077F2C1 /* 구.mp3 */; };
		D96D94412AE777E50077F2C1 /* 다.mp3 in Resources */ = {isa = PBXBuildFile; fileRef = D96D94392AE777E50077F2C1 /* 다.mp3 */; };
		D96D94422AE777E50077F2C1 /* 가.mp3 in Resources */ = {isa = PBXBuildFile; fileRef = D96D943A2AE777E50077F2C1 /* 가.mp3 */; };
		D96D94432AE777E50077F2C1 /* 두.mp3 in Resources */ = {isa = PBXBuildFile; fileRef = D96D943B2AE777E50077F2C1 /* 두.mp3 */; };
		D96D94442AE777E50077F2C1 /* 루.mp3 in Resources */ = {isa = PBXBuildFile; fileRef = D96D943C2AE777E50077F2C1 /* 루.mp3 */; };
		D96D94452AE777E50077F2C1 /* 라.mp3 in Resources */ = {isa = PBXBuildFile; fileRef = D96D943D2AE777E50077F2C1 /* 라.mp3 */; };
		D96D94462AE777E50077F2C1 /* 누.mp3 in Resources */ = {isa = PBXBuildFile; fileRef = D96D943E2AE777E50077F2C1 /* 누.mp3 */; };
		D96D94482AE778680077F2C1 /* SoundManager.swift in Sources */ = {isa = PBXBuildFile; fileRef = D96D94472AE778680077F2C1 /* SoundManager.swift */; };
		D9756E7D2B0B6C3F0089A39B /* HangulPrologue.swift in Sources */ = {isa = PBXBuildFile; fileRef = D9756E7C2B0B6C3F0089A39B /* HangulPrologue.swift */; };
		D9756E7F2B0B7DF40089A39B /* HangulUnitPrologueEnum.swift in Sources */ = {isa = PBXBuildFile; fileRef = D9756E7E2B0B7DF40089A39B /* HangulUnitPrologueEnum.swift */; };
		D98B83FC2AE6EC9C00B47C56 /* ㄴ.json in Resources */ = {isa = PBXBuildFile; fileRef = D98B83FB2AE6EC9C00B47C56 /* ㄴ.json */; };
		D98B83FE2AE6ECA100B47C56 /* ㄹ.json in Resources */ = {isa = PBXBuildFile; fileRef = D98B83FD2AE6ECA100B47C56 /* ㄹ.json */; };
		D98B84002AE6F56000B47C56 /* ㄷ.json in Resources */ = {isa = PBXBuildFile; fileRef = D98B83FF2AE6F56000B47C56 /* ㄷ.json */; };
		D9A9CE0A2AFDF02300F821D6 /* Canvas.swift in Sources */ = {isa = PBXBuildFile; fileRef = D9A9CE092AFDF02300F821D6 /* Canvas.swift */; };
		D9A9CE0E2AFE02BD00F821D6 /* HapticManager.swift in Sources */ = {isa = PBXBuildFile; fileRef = D9A9CE0D2AFE02BD00F821D6 /* HapticManager.swift */; };
		D9DC995B2B070788005FC516 /* AudioRecorderManager.swift in Sources */ = {isa = PBXBuildFile; fileRef = D9DC995A2B070788005FC516 /* AudioRecorderManager.swift */; };
		D9DC995D2B0887B2005FC516 /* PracticeManager.swift in Sources */ = {isa = PBXBuildFile; fileRef = D9DC995C2B0887B2005FC516 /* PracticeManager.swift */; };
		D9DC995F2B088E42005FC516 /* Array+RawValue.swift in Sources */ = {isa = PBXBuildFile; fileRef = D9DC995E2B088E42005FC516 /* Array+RawValue.swift */; };
		DE18C4EE2AE6BC2E00915A64 /* Localizable.strings in Resources */ = {isa = PBXBuildFile; fileRef = DE18C4F02AE6BC2E00915A64 /* Localizable.strings */; };
/* End PBXBuildFile section */

/* Begin PBXFileReference section */
		930F26C52ADD0D8B00896A32 /* Orum.app */ = {isa = PBXFileReference; explicitFileType = wrapper.application; includeInIndex = 0; path = Orum.app; sourceTree = BUILT_PRODUCTS_DIR; };
		930F26C82ADD0D8B00896A32 /* OrumApp.swift */ = {isa = PBXFileReference; lastKnownFileType = sourcecode.swift; path = OrumApp.swift; sourceTree = "<group>"; };
		930F26CC2ADD0D8C00896A32 /* Assets.xcassets */ = {isa = PBXFileReference; lastKnownFileType = folder.assetcatalog; path = Assets.xcassets; sourceTree = "<group>"; };
		930F26CE2ADD0D8C00896A32 /* Orum.entitlements */ = {isa = PBXFileReference; lastKnownFileType = text.plist.entitlements; path = Orum.entitlements; sourceTree = "<group>"; };
		930F26D02ADD0D8C00896A32 /* Preview Assets.xcassets */ = {isa = PBXFileReference; lastKnownFileType = folder.assetcatalog; path = "Preview Assets.xcassets"; sourceTree = "<group>"; };
		93194FD22AF8B75A002C1BE4 /* View+CornerRadius.swift */ = {isa = PBXFileReference; lastKnownFileType = sourcecode.swift; path = "View+CornerRadius.swift"; sourceTree = "<group>"; };
		93194FD42AF8B8D8002C1BE4 /* Lesson.swift */ = {isa = PBXFileReference; lastKnownFileType = sourcecode.swift; path = Lesson.swift; sourceTree = "<group>"; };
		93194FD72AF8B910002C1BE4 /* Chapter.swift */ = {isa = PBXFileReference; lastKnownFileType = sourcecode.swift; path = Chapter.swift; sourceTree = "<group>"; };
		93194FDC2AF8F28D002C1BE4 /* Dictionary+RawValue.swift */ = {isa = PBXFileReference; lastKnownFileType = sourcecode.swift; path = "Dictionary+RawValue.swift"; sourceTree = "<group>"; };
		9336E2032AF7B0D3000B9E76 /* HangulUnitEnum.swift */ = {isa = PBXFileReference; lastKnownFileType = sourcecode.swift; path = HangulUnitEnum.swift; sourceTree = "<group>"; };
		9336E2092AF7B505000B9E76 /* Constants.swift */ = {isa = PBXFileReference; lastKnownFileType = sourcecode.swift; path = Constants.swift; sourceTree = "<group>"; };
		9336E20D2AF7BD00000B9E76 /* Array<String>+ConcatArray.swift */ = {isa = PBXFileReference; lastKnownFileType = sourcecode.swift; path = "Array<String>+ConcatArray.swift"; sourceTree = "<group>"; };
		93419DD12AF0AB1600DCB322 /* EducationManager.swift */ = {isa = PBXFileReference; fileEncoding = 4; lastKnownFileType = sourcecode.swift; path = EducationManager.swift; sourceTree = "<group>"; };
		934912A22B04A00000AF7813 /* ContentView.swift */ = {isa = PBXFileReference; lastKnownFileType = sourcecode.swift; path = ContentView.swift; sourceTree = "<group>"; };
		936BDEEF2B04A48700A609B8 /* CollectionView.swift */ = {isa = PBXFileReference; lastKnownFileType = sourcecode.swift; path = CollectionView.swift; sourceTree = "<group>"; };
		936BDEF12B04A53400A609B8 /* CollectionDetailView.swift */ = {isa = PBXFileReference; lastKnownFileType = sourcecode.swift; path = CollectionDetailView.swift; sourceTree = "<group>"; };
		936BDEF62B04A65100A609B8 /* PracticeView.swift */ = {isa = PBXFileReference; lastKnownFileType = sourcecode.swift; path = PracticeView.swift; sourceTree = "<group>"; };
		936BDF052B04CF1D00A609B8 /* LearningLessonView.swift */ = {isa = PBXFileReference; lastKnownFileType = sourcecode.swift; path = LearningLessonView.swift; sourceTree = "<group>"; };
		937620362AF0807F00DE2C50 /* LearningView.swift */ = {isa = PBXFileReference; lastKnownFileType = sourcecode.swift; path = LearningView.swift; sourceTree = "<group>"; };
		9376203C2AF080B500DE2C50 /* HangulEducationView.swift */ = {isa = PBXFileReference; lastKnownFileType = sourcecode.swift; path = HangulEducationView.swift; sourceTree = "<group>"; };
		93D0BDA52AE2B54E00455447 /* Info.plist */ = {isa = PBXFileReference; lastKnownFileType = text.plist; path = Info.plist; sourceTree = "<group>"; };
		93D529762B0311EF00DA743E /* BasicVowelCheckView.swift */ = {isa = PBXFileReference; lastKnownFileType = sourcecode.swift; path = BasicVowelCheckView.swift; sourceTree = "<group>"; };
		93D529782B031BFB00DA743E /* EpilogueLessonView.swift */ = {isa = PBXFileReference; lastKnownFileType = sourcecode.swift; path = EpilogueLessonView.swift; sourceTree = "<group>"; };
		93D5297A2B031C0500DA743E /* PrologueLessonView.swift */ = {isa = PBXFileReference; lastKnownFileType = sourcecode.swift; path = PrologueLessonView.swift; sourceTree = "<group>"; };
		93DA78EE2AFB6233004BB43F /* VowelDrawingView.swift */ = {isa = PBXFileReference; lastKnownFileType = sourcecode.swift; path = VowelDrawingView.swift; sourceTree = "<group>"; };
		93DA78F02AFB6912004BB43F /* SameCardCollectingQuizView.swift */ = {isa = PBXFileReference; lastKnownFileType = sourcecode.swift; path = SameCardCollectingQuizView.swift; sourceTree = "<group>"; };
		93DA78F32AFB6B35004BB43F /* ConsonantOnboarding.swift */ = {isa = PBXFileReference; lastKnownFileType = sourcecode.swift; path = ConsonantOnboarding.swift; sourceTree = "<group>"; };
		93EF74AB2B04DA08003111CD /* OnboardingView.swift */ = {isa = PBXFileReference; lastKnownFileType = sourcecode.swift; path = OnboardingView.swift; sourceTree = "<group>"; };
		D9037CE62AF0C4260098DB57 /* HangulEducationLearningView.swift */ = {isa = PBXFileReference; lastKnownFileType = sourcecode.swift; path = HangulEducationLearningView.swift; sourceTree = "<group>"; };
		D9037CE82AF0C55A0098DB57 /* HangulQuizView.swift */ = {isa = PBXFileReference; lastKnownFileType = sourcecode.swift; path = HangulQuizView.swift; sourceTree = "<group>"; };
		D9037D082AF0D2B70098DB57 /* HangulCardView.swift */ = {isa = PBXFileReference; lastKnownFileType = sourcecode.swift; path = HangulCardView.swift; sourceTree = "<group>"; };
		D9037D0A2AF11FD50098DB57 /* HangulEducationRecapView.swift */ = {isa = PBXFileReference; lastKnownFileType = sourcecode.swift; path = HangulEducationRecapView.swift; sourceTree = "<group>"; };
		D90B0DFB2AF8697000401C87 /* HangulEducationInstructionView.swift */ = {isa = PBXFileReference; lastKnownFileType = sourcecode.swift; path = HangulEducationInstructionView.swift; sourceTree = "<group>"; };
		D91B67452B04A3F00030F86D /* HangulQuiz.swift */ = {isa = PBXFileReference; lastKnownFileType = sourcecode.swift; path = HangulQuiz.swift; sourceTree = "<group>"; };
		D91B67472B04B01C0030F86D /* HangulUnitQuizEnum.swift */ = {isa = PBXFileReference; lastKnownFileType = sourcecode.swift; path = HangulUnitQuizEnum.swift; sourceTree = "<group>"; };
		D91B67572B05BB880030F86D /* HangulEducationQuizView.swift */ = {isa = PBXFileReference; lastKnownFileType = sourcecode.swift; path = HangulEducationQuizView.swift; sourceTree = "<group>"; };
		D91B675A2B05C1380030F86D /* EpilogueInstructionView.swift */ = {isa = PBXFileReference; lastKnownFileType = sourcecode.swift; path = EpilogueInstructionView.swift; sourceTree = "<group>"; };
		D91B675C2B05C41D0030F86D /* EpilogueQuizVIew.swift */ = {isa = PBXFileReference; lastKnownFileType = sourcecode.swift; path = EpilogueQuizVIew.swift; sourceTree = "<group>"; };
		D91B675E2B0609D00030F86D /* PracticeChapterView.swift */ = {isa = PBXFileReference; lastKnownFileType = sourcecode.swift; path = PracticeChapterView.swift; sourceTree = "<group>"; };
		D91B67602B062AA50030F86D /* PracticeLessonView.swift */ = {isa = PBXFileReference; lastKnownFileType = sourcecode.swift; path = PracticeLessonView.swift; sourceTree = "<group>"; };
		D967D1BC2AE2932C008B3379 /* HangulCard.swift */ = {isa = PBXFileReference; lastKnownFileType = sourcecode.swift; path = HangulCard.swift; sourceTree = "<group>"; };
		D967D1C02AE2A968008B3379 /* HangulUnit.swift */ = {isa = PBXFileReference; lastKnownFileType = sourcecode.swift; path = HangulUnit.swift; sourceTree = "<group>"; };
		D967D1C62AE2C761008B3379 /* UIColor+Hex.swift */ = {isa = PBXFileReference; lastKnownFileType = sourcecode.swift; path = "UIColor+Hex.swift"; sourceTree = "<group>"; };
		D967D1C82AE40F4E008B3379 /* TTSManager.swift */ = {isa = PBXFileReference; lastKnownFileType = sourcecode.swift; path = TTSManager.swift; sourceTree = "<group>"; };
		D96BAC692AE6C37800613540 /* LottieView.swift */ = {isa = PBXFileReference; lastKnownFileType = sourcecode.swift; path = LottieView.swift; sourceTree = "<group>"; };
		D96BAC6C2AE6C46600613540 /* ㄱ.json */ = {isa = PBXFileReference; fileEncoding = 4; lastKnownFileType = text.json; path = "ㄱ.json"; sourceTree = "<group>"; };
		D96D94372AE777E50077F2C1 /* 나.mp3 */ = {isa = PBXFileReference; lastKnownFileType = audio.mp3; path = "나.mp3"; sourceTree = "<group>"; };
		D96D94382AE777E50077F2C1 /* 구.mp3 */ = {isa = PBXFileReference; lastKnownFileType = audio.mp3; path = "구.mp3"; sourceTree = "<group>"; };
		D96D94392AE777E50077F2C1 /* 다.mp3 */ = {isa = PBXFileReference; lastKnownFileType = audio.mp3; path = "다.mp3"; sourceTree = "<group>"; };
		D96D943A2AE777E50077F2C1 /* 가.mp3 */ = {isa = PBXFileReference; lastKnownFileType = audio.mp3; path = "가.mp3"; sourceTree = "<group>"; };
		D96D943B2AE777E50077F2C1 /* 두.mp3 */ = {isa = PBXFileReference; lastKnownFileType = audio.mp3; path = "두.mp3"; sourceTree = "<group>"; };
		D96D943C2AE777E50077F2C1 /* 루.mp3 */ = {isa = PBXFileReference; lastKnownFileType = audio.mp3; path = "루.mp3"; sourceTree = "<group>"; };
		D96D943D2AE777E50077F2C1 /* 라.mp3 */ = {isa = PBXFileReference; lastKnownFileType = audio.mp3; path = "라.mp3"; sourceTree = "<group>"; };
		D96D943E2AE777E50077F2C1 /* 누.mp3 */ = {isa = PBXFileReference; lastKnownFileType = audio.mp3; path = "누.mp3"; sourceTree = "<group>"; };
		D96D94472AE778680077F2C1 /* SoundManager.swift */ = {isa = PBXFileReference; lastKnownFileType = sourcecode.swift; path = SoundManager.swift; sourceTree = "<group>"; };
		D9756E7C2B0B6C3F0089A39B /* HangulPrologue.swift */ = {isa = PBXFileReference; lastKnownFileType = sourcecode.swift; path = HangulPrologue.swift; sourceTree = "<group>"; };
		D9756E7E2B0B7DF40089A39B /* HangulUnitPrologueEnum.swift */ = {isa = PBXFileReference; lastKnownFileType = sourcecode.swift; path = HangulUnitPrologueEnum.swift; sourceTree = "<group>"; };
		D98B83FB2AE6EC9C00B47C56 /* ㄴ.json */ = {isa = PBXFileReference; fileEncoding = 4; lastKnownFileType = text.json; path = "ㄴ.json"; sourceTree = "<group>"; };
		D98B83FD2AE6ECA100B47C56 /* ㄹ.json */ = {isa = PBXFileReference; fileEncoding = 4; lastKnownFileType = text.json; path = "ㄹ.json"; sourceTree = "<group>"; };
		D98B83FF2AE6F56000B47C56 /* ㄷ.json */ = {isa = PBXFileReference; fileEncoding = 4; lastKnownFileType = text.json; path = "ㄷ.json"; sourceTree = "<group>"; };
		D9A9CE092AFDF02300F821D6 /* Canvas.swift */ = {isa = PBXFileReference; lastKnownFileType = sourcecode.swift; path = Canvas.swift; sourceTree = "<group>"; };
		D9A9CE0D2AFE02BD00F821D6 /* HapticManager.swift */ = {isa = PBXFileReference; lastKnownFileType = sourcecode.swift; path = HapticManager.swift; sourceTree = "<group>"; };
		D9DC995A2B070788005FC516 /* AudioRecorderManager.swift */ = {isa = PBXFileReference; lastKnownFileType = sourcecode.swift; path = AudioRecorderManager.swift; sourceTree = "<group>"; };
		D9DC995C2B0887B2005FC516 /* PracticeManager.swift */ = {isa = PBXFileReference; lastKnownFileType = sourcecode.swift; path = PracticeManager.swift; sourceTree = "<group>"; };
		D9DC995E2B088E42005FC516 /* Array+RawValue.swift */ = {isa = PBXFileReference; lastKnownFileType = sourcecode.swift; path = "Array+RawValue.swift"; sourceTree = "<group>"; };
		DE18C4EF2AE6BC2E00915A64 /* en */ = {isa = PBXFileReference; lastKnownFileType = text.plist.strings; name = en; path = en.lproj/Localizable.strings; sourceTree = "<group>"; };
		DE18C4F22AE6BC7200915A64 /* ja */ = {isa = PBXFileReference; lastKnownFileType = text.plist.strings; name = ja; path = ja.lproj/Localizable.strings; sourceTree = "<group>"; };
/* End PBXFileReference section */

/* Begin PBXFrameworksBuildPhase section */
		930F26C22ADD0D8B00896A32 /* Frameworks */ = {
			isa = PBXFrameworksBuildPhase;
			buildActionMask = 2147483647;
			files = (
				D96BAC682AE6C35600613540 /* Lottie in Frameworks */,
			);
			runOnlyForDeploymentPostprocessing = 0;
		};
/* End PBXFrameworksBuildPhase section */

/* Begin PBXGroup section */
		930F26BC2ADD0D8A00896A32 = {
			isa = PBXGroup;
			children = (
				930F26C72ADD0D8B00896A32 /* Orum */,
				930F26C62ADD0D8B00896A32 /* Products */,
			);
			sourceTree = "<group>";
		};
		930F26C62ADD0D8B00896A32 /* Products */ = {
			isa = PBXGroup;
			children = (
				930F26C52ADD0D8B00896A32 /* Orum.app */,
			);
			name = Products;
			sourceTree = "<group>";
		};
		930F26C72ADD0D8B00896A32 /* Orum */ = {
			isa = PBXGroup;
			children = (
				936BDEFA2B04A82000A609B8 /* Resourses */,
				936BDEF92B04A7F600A609B8 /* Utilities */,
				93D0BDA52AE2B54E00455447 /* Info.plist */,
				930F26DA2ADD0E2600896A32 /* ViewModels */,
				930F26D82ADD0DCC00896A32 /* Models */,
				930F26D72ADD0D9F00896A32 /* Views */,
				930F26C82ADD0D8B00896A32 /* OrumApp.swift */,
				930F26CC2ADD0D8C00896A32 /* Assets.xcassets */,
				930F26CE2ADD0D8C00896A32 /* Orum.entitlements */,
				930F26CF2ADD0D8C00896A32 /* Preview Content */,
			);
			path = Orum;
			sourceTree = "<group>";
		};
		930F26CF2ADD0D8C00896A32 /* Preview Content */ = {
			isa = PBXGroup;
			children = (
				930F26D02ADD0D8C00896A32 /* Preview Assets.xcassets */,
			);
			path = "Preview Content";
			sourceTree = "<group>";
		};
		930F26D72ADD0D9F00896A32 /* Views */ = {
			isa = PBXGroup;
			children = (
				934912A22B04A00000AF7813 /* ContentView.swift */,
				93194FD62AF8B8DC002C1BE4 /* Components */,
				936BDEFF2B04B04500A609B8 /* Tabs */,
				93EF74AB2B04DA08003111CD /* OnboardingView.swift */,
			);
			path = Views;
			sourceTree = "<group>";
		};
		930F26D82ADD0DCC00896A32 /* Models */ = {
			isa = PBXGroup;
			children = (
				D967D1BC2AE2932C008B3379 /* HangulCard.swift */,
				D91B67452B04A3F00030F86D /* HangulQuiz.swift */,
				D967D1C02AE2A968008B3379 /* HangulUnit.swift */,
				D9756E7C2B0B6C3F0089A39B /* HangulPrologue.swift */,
				9336E2032AF7B0D3000B9E76 /* HangulUnitEnum.swift */,
				D91B67472B04B01C0030F86D /* HangulUnitQuizEnum.swift */,
				D9756E7E2B0B7DF40089A39B /* HangulUnitPrologueEnum.swift */,
			);
			path = Models;
			sourceTree = "<group>";
		};
		930F26D92ADD0DD900896A32 /* Extensions */ = {
			isa = PBXGroup;
			children = (
				D967D1C62AE2C761008B3379 /* UIColor+Hex.swift */,
				9336E20D2AF7BD00000B9E76 /* Array<String>+ConcatArray.swift */,
				93194FD22AF8B75A002C1BE4 /* View+CornerRadius.swift */,
				93194FDC2AF8F28D002C1BE4 /* Dictionary+RawValue.swift */,
				D9DC995E2B088E42005FC516 /* Array+RawValue.swift */,
			);
			path = Extensions;
			sourceTree = "<group>";
		};
		930F26DA2ADD0E2600896A32 /* ViewModels */ = {
			isa = PBXGroup;
			children = (
				D967D1C82AE40F4E008B3379 /* TTSManager.swift */,
				93419DD12AF0AB1600DCB322 /* EducationManager.swift */,
				D96D94472AE778680077F2C1 /* SoundManager.swift */,
				D9A9CE0D2AFE02BD00F821D6 /* HapticManager.swift */,
				D9DC995A2B070788005FC516 /* AudioRecorderManager.swift */,
				D9DC995C2B0887B2005FC516 /* PracticeManager.swift */,
			);
			path = ViewModels;
			sourceTree = "<group>";
		};
		93194FD62AF8B8DC002C1BE4 /* Components */ = {
			isa = PBXGroup;
			children = (
				D9037D082AF0D2B70098DB57 /* HangulCardView.swift */,
				D96BAC692AE6C37800613540 /* LottieView.swift */,
				D9A9CE092AFDF02300F821D6 /* Canvas.swift */,
				93194FD42AF8B8D8002C1BE4 /* Lesson.swift */,
				93194FD72AF8B910002C1BE4 /* Chapter.swift */,
				D9037CE82AF0C55A0098DB57 /* HangulQuizView.swift */,
			);
			path = Components;
			sourceTree = "<group>";
		};
		936BDEF42B04A5F800A609B8 /* Learning */ = {
			isa = PBXGroup;
			children = (
				937620362AF0807F00DE2C50 /* LearningView.swift */,
				936BDF002B04B21800A609B8 /* HangulEducation */,
			);
			path = Learning;
			sourceTree = "<group>";
		};
		936BDEF52B04A60000A609B8 /* Collection */ = {
			isa = PBXGroup;
			children = (
				936BDEEF2B04A48700A609B8 /* CollectionView.swift */,
				936BDEF12B04A53400A609B8 /* CollectionDetailView.swift */,
			);
			path = Collection;
			sourceTree = "<group>";
		};
		936BDEF82B04A65F00A609B8 /* Practice */ = {
			isa = PBXGroup;
			children = (
				936BDEF62B04A65100A609B8 /* PracticeView.swift */,
				D91B675E2B0609D00030F86D /* PracticeChapterView.swift */,
				D91B67602B062AA50030F86D /* PracticeLessonView.swift */,
			);
			path = Practice;
			sourceTree = "<group>";
		};
		936BDEF92B04A7F600A609B8 /* Utilities */ = {
			isa = PBXGroup;
			children = (
				9336E2092AF7B505000B9E76 /* Constants.swift */,
				930F26D92ADD0DD900896A32 /* Extensions */,
			);
			path = Utilities;
			sourceTree = "<group>";
		};
		936BDEFA2B04A82000A609B8 /* Resourses */ = {
			isa = PBXGroup;
			children = (
				DE18C4F02AE6BC2E00915A64 /* Localizable.strings */,
				D96BAC6B2AE6C42600613540 /* Lottie */,
				D96D94362AE777C30077F2C1 /* Sound */,
			);
			path = Resourses;
			sourceTree = "<group>";
		};
		936BDEFB2B04AD7100A609B8 /* Instruction */ = {
			isa = PBXGroup;
			children = (
				93DA78F32AFB6B35004BB43F /* ConsonantOnboarding.swift */,
				D90B0DFB2AF8697000401C87 /* HangulEducationInstructionView.swift */,
			);
			path = Instruction;
			sourceTree = "<group>";
		};
		936BDEFC2B04AD7B00A609B8 /* Quiz */ = {
			isa = PBXGroup;
			children = (
				93DA78F02AFB6912004BB43F /* SameCardCollectingQuizView.swift */,
				D91B67572B05BB880030F86D /* HangulEducationQuizView.swift */,
			);
			path = Quiz;
			sourceTree = "<group>";
		};
		936BDEFD2B04ADA800A609B8 /* Learning */ = {
			isa = PBXGroup;
			children = (
				93DA78EE2AFB6233004BB43F /* VowelDrawingView.swift */,
				93D529762B0311EF00DA743E /* BasicVowelCheckView.swift */,
				D9037CE62AF0C4260098DB57 /* HangulEducationLearningView.swift */,
			);
			path = Learning;
			sourceTree = "<group>";
		};
		936BDEFE2B04ADD500A609B8 /* Recap */ = {
			isa = PBXGroup;
			children = (
				D9037D0A2AF11FD50098DB57 /* HangulEducationRecapView.swift */,
			);
			path = Recap;
			sourceTree = "<group>";
		};
		936BDEFF2B04B04500A609B8 /* Tabs */ = {
			isa = PBXGroup;
			children = (
				936BDEF42B04A5F800A609B8 /* Learning */,
				936BDEF82B04A65F00A609B8 /* Practice */,
				936BDEF52B04A60000A609B8 /* Collection */,
			);
			path = Tabs;
			sourceTree = "<group>";
		};
		936BDF002B04B21800A609B8 /* HangulEducation */ = {
			isa = PBXGroup;
			children = (
				9376203C2AF080B500DE2C50 /* HangulEducationView.swift */,
				936BDF032B04B3E800A609B8 /* PrologueLesson */,
				936BDF012B04B2E800A609B8 /* LearningLesson */,
				936BDF042B04B3F800A609B8 /* EpilogueLesson */,
			);
			path = HangulEducation;
			sourceTree = "<group>";
		};
		936BDF012B04B2E800A609B8 /* LearningLesson */ = {
			isa = PBXGroup;
			children = (
				936BDF052B04CF1D00A609B8 /* LearningLessonView.swift */,
				936BDEFB2B04AD7100A609B8 /* Instruction */,
				936BDEFD2B04ADA800A609B8 /* Learning */,
				936BDEFE2B04ADD500A609B8 /* Recap */,
				936BDEFC2B04AD7B00A609B8 /* Quiz */,
			);
			path = LearningLesson;
			sourceTree = "<group>";
		};
		936BDF032B04B3E800A609B8 /* PrologueLesson */ = {
			isa = PBXGroup;
			children = (
				93D5297A2B031C0500DA743E /* PrologueLessonView.swift */,
			);
			path = PrologueLesson;
			sourceTree = "<group>";
		};
		936BDF042B04B3F800A609B8 /* EpilogueLesson */ = {
			isa = PBXGroup;
			children = (
				93D529782B031BFB00DA743E /* EpilogueLessonView.swift */,
				D91B675A2B05C1380030F86D /* EpilogueInstructionView.swift */,
				D91B675C2B05C41D0030F86D /* EpilogueQuizVIew.swift */,
			);
			path = EpilogueLesson;
			sourceTree = "<group>";
		};
		D96BAC6B2AE6C42600613540 /* Lottie */ = {
			isa = PBXGroup;
			children = (
				D96BAC6C2AE6C46600613540 /* ㄱ.json */,
				D98B83FB2AE6EC9C00B47C56 /* ㄴ.json */,
				D98B83FF2AE6F56000B47C56 /* ㄷ.json */,
				D98B83FD2AE6ECA100B47C56 /* ㄹ.json */,
			);
			path = Lottie;
			sourceTree = "<group>";
		};
		D96D94362AE777C30077F2C1 /* Sound */ = {
			isa = PBXGroup;
			children = (
				D96D943A2AE777E50077F2C1 /* 가.mp3 */,
				D96D94382AE777E50077F2C1 /* 구.mp3 */,
				D96D94372AE777E50077F2C1 /* 나.mp3 */,
				D96D943E2AE777E50077F2C1 /* 누.mp3 */,
				D96D94392AE777E50077F2C1 /* 다.mp3 */,
				D96D943B2AE777E50077F2C1 /* 두.mp3 */,
				D96D943D2AE777E50077F2C1 /* 라.mp3 */,
				D96D943C2AE777E50077F2C1 /* 루.mp3 */,
			);
			path = Sound;
			sourceTree = "<group>";
		};
/* End PBXGroup section */

/* Begin PBXNativeTarget section */
		930F26C42ADD0D8B00896A32 /* Orum */ = {
			isa = PBXNativeTarget;
			buildConfigurationList = 930F26D42ADD0D8C00896A32 /* Build configuration list for PBXNativeTarget "Orum" */;
			buildPhases = (
				930F26C12ADD0D8B00896A32 /* Sources */,
				930F26C22ADD0D8B00896A32 /* Frameworks */,
				930F26C32ADD0D8B00896A32 /* Resources */,
			);
			buildRules = (
			);
			dependencies = (
			);
			name = Orum;
			packageProductDependencies = (
				D96BAC672AE6C35600613540 /* Lottie */,
			);
			productName = Orum;
			productReference = 930F26C52ADD0D8B00896A32 /* Orum.app */;
			productType = "com.apple.product-type.application";
		};
/* End PBXNativeTarget section */

/* Begin PBXProject section */
		930F26BD2ADD0D8A00896A32 /* Project object */ = {
			isa = PBXProject;
			attributes = {
				BuildIndependentTargetsInParallel = 1;
				LastSwiftUpdateCheck = 1500;
				LastUpgradeCheck = 1500;
				TargetAttributes = {
					930F26C42ADD0D8B00896A32 = {
						CreatedOnToolsVersion = 15.0;
					};
				};
			};
			buildConfigurationList = 930F26C02ADD0D8A00896A32 /* Build configuration list for PBXProject "Orum" */;
			compatibilityVersion = "Xcode 14.0";
			developmentRegion = en;
			hasScannedForEncodings = 0;
			knownRegions = (
				en,
				Base,
				ja,
				ko,
			);
			mainGroup = 930F26BC2ADD0D8A00896A32;
			packageReferences = (
				D96BAC662AE6C35600613540 /* XCRemoteSwiftPackageReference "lottie-ios" */,
			);
			productRefGroup = 930F26C62ADD0D8B00896A32 /* Products */;
			projectDirPath = "";
			projectRoot = "";
			targets = (
				930F26C42ADD0D8B00896A32 /* Orum */,
			);
		};
/* End PBXProject section */

/* Begin PBXResourcesBuildPhase section */
		930F26C32ADD0D8B00896A32 /* Resources */ = {
			isa = PBXResourcesBuildPhase;
			buildActionMask = 2147483647;
			files = (
				D96D94462AE777E50077F2C1 /* 누.mp3 in Resources */,
				D96D94442AE777E50077F2C1 /* 루.mp3 in Resources */,
				D96D94412AE777E50077F2C1 /* 다.mp3 in Resources */,
				D96D94432AE777E50077F2C1 /* 두.mp3 in Resources */,
				D96D94422AE777E50077F2C1 /* 가.mp3 in Resources */,
				D98B83FC2AE6EC9C00B47C56 /* ㄴ.json in Resources */,
				D96BAC6D2AE6C46600613540 /* ㄱ.json in Resources */,
				930F26D12ADD0D8C00896A32 /* Preview Assets.xcassets in Resources */,
				DE18C4EE2AE6BC2E00915A64 /* Localizable.strings in Resources */,
				930F26CD2ADD0D8C00896A32 /* Assets.xcassets in Resources */,
				D98B83FE2AE6ECA100B47C56 /* ㄹ.json in Resources */,
				D96D94452AE777E50077F2C1 /* 라.mp3 in Resources */,
				D98B84002AE6F56000B47C56 /* ㄷ.json in Resources */,
				D96D94402AE777E50077F2C1 /* 구.mp3 in Resources */,
				D96D943F2AE777E50077F2C1 /* 나.mp3 in Resources */,
			);
			runOnlyForDeploymentPostprocessing = 0;
		};
/* End PBXResourcesBuildPhase section */

/* Begin PBXSourcesBuildPhase section */
		930F26C12ADD0D8B00896A32 /* Sources */ = {
			isa = PBXSourcesBuildPhase;
			buildActionMask = 2147483647;
			files = (
				934912A32B04A00000AF7813 /* ContentView.swift in Sources */,
				93D5297B2B031C0500DA743E /* PrologueLessonView.swift in Sources */,
				D967D1C72AE2C761008B3379 /* UIColor+Hex.swift in Sources */,
				93D529792B031BFB00DA743E /* EpilogueLessonView.swift in Sources */,
				D967D1C92AE40F4E008B3379 /* TTSManager.swift in Sources */,
				D9756E7D2B0B6C3F0089A39B /* HangulPrologue.swift in Sources */,
				D9037CE92AF0C55A0098DB57 /* HangulQuizView.swift in Sources */,
				D9DC995D2B0887B2005FC516 /* PracticeManager.swift in Sources */,
				D9037CE92AF0C55A0098DB57 /* HangulQuizView.swift in Sources */,
				9376203D2AF080B500DE2C50 /* HangulEducationView.swift in Sources */,
				D9A9CE0E2AFE02BD00F821D6 /* HapticManager.swift in Sources */,
				93194FD82AF8B910002C1BE4 /* Chapter.swift in Sources */,
				D9DC995F2B088E42005FC516 /* Array+RawValue.swift in Sources */,
				D9037D0B2AF11FD50098DB57 /* HangulEducationRecapView.swift in Sources */,
				936BDEF22B04A53400A609B8 /* CollectionDetailView.swift in Sources */,
				936BDEF02B04A48700A609B8 /* CollectionView.swift in Sources */,
				93194FD52AF8B8D8002C1BE4 /* Lesson.swift in Sources */,
				93EF74AC2B04DA08003111CD /* OnboardingView.swift in Sources */,
				D96BAC6A2AE6C37800613540 /* LottieView.swift in Sources */,
				9336E20A2AF7B505000B9E76 /* Constants.swift in Sources */,
				93DA78EF2AFB6233004BB43F /* VowelDrawingView.swift in Sources */,
				D967D1BD2AE2932C008B3379 /* HangulCard.swift in Sources */,
				93194FD32AF8B75A002C1BE4 /* View+CornerRadius.swift in Sources */,
				D9037D092AF0D2B70098DB57 /* HangulCardView.swift in Sources */,
				D90B0DFC2AF8697000401C87 /* HangulEducationInstructionView.swift in Sources */,
				D967D1C12AE2A968008B3379 /* HangulUnit.swift in Sources */,
				D91B67462B04A3F00030F86D /* HangulQuiz.swift in Sources */,
				D91B675F2B0609D00030F86D /* PracticeChapterView.swift in Sources */,
				9336E2042AF7B0D3000B9E76 /* HangulUnitEnum.swift in Sources */,
				D91B67482B04B01C0030F86D /* HangulUnitQuizEnum.swift in Sources */,
				D91B675D2B05C41D0030F86D /* EpilogueQuizVIew.swift in Sources */,
				937620372AF0807F00DE2C50 /* LearningView.swift in Sources */,
				D91B67482B04B01C0030F86D /* HangulUnitQuizEnum.swift in Sources */,
				936BDF062B04CF1D00A609B8 /* LearningLessonView.swift in Sources */,
				936BDEF72B04A65100A609B8 /* PracticeView.swift in Sources */,
				937620372AF0807F00DE2C50 /* LearningView.swift in Sources */,
				D91B67612B062AA50030F86D /* PracticeLessonView.swift in Sources */,
				D9756E7F2B0B7DF40089A39B /* HangulUnitPrologueEnum.swift in Sources */,
				D9A9CE0A2AFDF02300F821D6 /* Canvas.swift in Sources */,
				930F26C92ADD0D8B00896A32 /* OrumApp.swift in Sources */,
				D9DC995B2B070788005FC516 /* AudioRecorderManager.swift in Sources */,
				93D529772B0311EF00DA743E /* BasicVowelCheckView.swift in Sources */,
				93419DD32AF0AB1600DCB322 /* EducationManager.swift in Sources */,
				93DA78F12AFB6912004BB43F /* SameCardCollectingQuizView.swift in Sources */,
				D91B67582B05BB880030F86D /* HangulEducationQuizView.swift in Sources */,
				9336E20E2AF7BD00000B9E76 /* Array<String>+ConcatArray.swift in Sources */,
				93DA78F42AFB6B35004BB43F /* ConsonantOnboarding.swift in Sources */,
				D91B675B2B05C1380030F86D /* EpilogueInstructionView.swift in Sources */,
				93194FDD2AF8F28D002C1BE4 /* Dictionary+RawValue.swift in Sources */,
				D96D94482AE778680077F2C1 /* SoundManager.swift in Sources */,
				D9037CE72AF0C4270098DB57 /* HangulEducationLearningView.swift in Sources */,
			);
			runOnlyForDeploymentPostprocessing = 0;
		};
/* End PBXSourcesBuildPhase section */

/* Begin PBXVariantGroup section */
		DE18C4F02AE6BC2E00915A64 /* Localizable.strings */ = {
			isa = PBXVariantGroup;
			children = (
				DE18C4EF2AE6BC2E00915A64 /* en */,
				DE18C4F22AE6BC7200915A64 /* ja */,
			);
			name = Localizable.strings;
			sourceTree = "<group>";
		};
/* End PBXVariantGroup section */

/* Begin XCBuildConfiguration section */
		930F26D22ADD0D8C00896A32 /* Debug */ = {
			isa = XCBuildConfiguration;
			buildSettings = {
				ALWAYS_SEARCH_USER_PATHS = NO;
				ASSETCATALOG_COMPILER_GENERATE_SWIFT_ASSET_SYMBOL_EXTENSIONS = YES;
				CLANG_ANALYZER_LOCALIZABILITY_NONLOCALIZED = YES;
				CLANG_ANALYZER_NONNULL = YES;
				CLANG_ANALYZER_NUMBER_OBJECT_CONVERSION = YES_AGGRESSIVE;
				CLANG_CXX_LANGUAGE_STANDARD = "gnu++20";
				CLANG_ENABLE_MODULES = YES;
				CLANG_ENABLE_OBJC_ARC = YES;
				CLANG_ENABLE_OBJC_WEAK = YES;
				CLANG_WARN_BLOCK_CAPTURE_AUTORELEASING = YES;
				CLANG_WARN_BOOL_CONVERSION = YES;
				CLANG_WARN_COMMA = YES;
				CLANG_WARN_CONSTANT_CONVERSION = YES;
				CLANG_WARN_DEPRECATED_OBJC_IMPLEMENTATIONS = YES;
				CLANG_WARN_DIRECT_OBJC_ISA_USAGE = YES_ERROR;
				CLANG_WARN_DOCUMENTATION_COMMENTS = YES;
				CLANG_WARN_EMPTY_BODY = YES;
				CLANG_WARN_ENUM_CONVERSION = YES;
				CLANG_WARN_INFINITE_RECURSION = YES;
				CLANG_WARN_INT_CONVERSION = YES;
				CLANG_WARN_NON_LITERAL_NULL_CONVERSION = YES;
				CLANG_WARN_OBJC_IMPLICIT_RETAIN_SELF = YES;
				CLANG_WARN_OBJC_LITERAL_CONVERSION = YES;
				CLANG_WARN_OBJC_ROOT_CLASS = YES_ERROR;
				CLANG_WARN_QUOTED_INCLUDE_IN_FRAMEWORK_HEADER = YES;
				CLANG_WARN_RANGE_LOOP_ANALYSIS = YES;
				CLANG_WARN_STRICT_PROTOTYPES = YES;
				CLANG_WARN_SUSPICIOUS_MOVE = YES;
				CLANG_WARN_UNGUARDED_AVAILABILITY = YES_AGGRESSIVE;
				CLANG_WARN_UNREACHABLE_CODE = YES;
				CLANG_WARN__DUPLICATE_METHOD_MATCH = YES;
				COPY_PHASE_STRIP = NO;
				DEBUG_INFORMATION_FORMAT = dwarf;
				ENABLE_STRICT_OBJC_MSGSEND = YES;
				ENABLE_TESTABILITY = YES;
				ENABLE_USER_SCRIPT_SANDBOXING = YES;
				GCC_C_LANGUAGE_STANDARD = gnu17;
				GCC_DYNAMIC_NO_PIC = NO;
				GCC_NO_COMMON_BLOCKS = YES;
				GCC_OPTIMIZATION_LEVEL = 0;
				GCC_PREPROCESSOR_DEFINITIONS = (
					"DEBUG=1",
					"$(inherited)",
				);
				GCC_WARN_64_TO_32_BIT_CONVERSION = YES;
				GCC_WARN_ABOUT_RETURN_TYPE = YES_ERROR;
				GCC_WARN_UNDECLARED_SELECTOR = YES;
				GCC_WARN_UNINITIALIZED_AUTOS = YES_AGGRESSIVE;
				GCC_WARN_UNUSED_FUNCTION = YES;
				GCC_WARN_UNUSED_VARIABLE = YES;
				LOCALIZATION_PREFERS_STRING_CATALOGS = YES;
				MTL_ENABLE_DEBUG_INFO = INCLUDE_SOURCE;
				MTL_FAST_MATH = YES;
				ONLY_ACTIVE_ARCH = YES;
				SWIFT_ACTIVE_COMPILATION_CONDITIONS = "DEBUG $(inherited)";
				SWIFT_OPTIMIZATION_LEVEL = "-Onone";
			};
			name = Debug;
		};
		930F26D32ADD0D8C00896A32 /* Release */ = {
			isa = XCBuildConfiguration;
			buildSettings = {
				ALWAYS_SEARCH_USER_PATHS = NO;
				ASSETCATALOG_COMPILER_GENERATE_SWIFT_ASSET_SYMBOL_EXTENSIONS = YES;
				CLANG_ANALYZER_LOCALIZABILITY_NONLOCALIZED = YES;
				CLANG_ANALYZER_NONNULL = YES;
				CLANG_ANALYZER_NUMBER_OBJECT_CONVERSION = YES_AGGRESSIVE;
				CLANG_CXX_LANGUAGE_STANDARD = "gnu++20";
				CLANG_ENABLE_MODULES = YES;
				CLANG_ENABLE_OBJC_ARC = YES;
				CLANG_ENABLE_OBJC_WEAK = YES;
				CLANG_WARN_BLOCK_CAPTURE_AUTORELEASING = YES;
				CLANG_WARN_BOOL_CONVERSION = YES;
				CLANG_WARN_COMMA = YES;
				CLANG_WARN_CONSTANT_CONVERSION = YES;
				CLANG_WARN_DEPRECATED_OBJC_IMPLEMENTATIONS = YES;
				CLANG_WARN_DIRECT_OBJC_ISA_USAGE = YES_ERROR;
				CLANG_WARN_DOCUMENTATION_COMMENTS = YES;
				CLANG_WARN_EMPTY_BODY = YES;
				CLANG_WARN_ENUM_CONVERSION = YES;
				CLANG_WARN_INFINITE_RECURSION = YES;
				CLANG_WARN_INT_CONVERSION = YES;
				CLANG_WARN_NON_LITERAL_NULL_CONVERSION = YES;
				CLANG_WARN_OBJC_IMPLICIT_RETAIN_SELF = YES;
				CLANG_WARN_OBJC_LITERAL_CONVERSION = YES;
				CLANG_WARN_OBJC_ROOT_CLASS = YES_ERROR;
				CLANG_WARN_QUOTED_INCLUDE_IN_FRAMEWORK_HEADER = YES;
				CLANG_WARN_RANGE_LOOP_ANALYSIS = YES;
				CLANG_WARN_STRICT_PROTOTYPES = YES;
				CLANG_WARN_SUSPICIOUS_MOVE = YES;
				CLANG_WARN_UNGUARDED_AVAILABILITY = YES_AGGRESSIVE;
				CLANG_WARN_UNREACHABLE_CODE = YES;
				CLANG_WARN__DUPLICATE_METHOD_MATCH = YES;
				COPY_PHASE_STRIP = NO;
				DEBUG_INFORMATION_FORMAT = "dwarf-with-dsym";
				ENABLE_NS_ASSERTIONS = NO;
				ENABLE_STRICT_OBJC_MSGSEND = YES;
				ENABLE_USER_SCRIPT_SANDBOXING = YES;
				GCC_C_LANGUAGE_STANDARD = gnu17;
				GCC_NO_COMMON_BLOCKS = YES;
				GCC_WARN_64_TO_32_BIT_CONVERSION = YES;
				GCC_WARN_ABOUT_RETURN_TYPE = YES_ERROR;
				GCC_WARN_UNDECLARED_SELECTOR = YES;
				GCC_WARN_UNINITIALIZED_AUTOS = YES_AGGRESSIVE;
				GCC_WARN_UNUSED_FUNCTION = YES;
				GCC_WARN_UNUSED_VARIABLE = YES;
				LOCALIZATION_PREFERS_STRING_CATALOGS = YES;
				MTL_ENABLE_DEBUG_INFO = NO;
				MTL_FAST_MATH = YES;
				SWIFT_COMPILATION_MODE = wholemodule;
			};
			name = Release;
		};
		930F26D52ADD0D8C00896A32 /* Debug */ = {
			isa = XCBuildConfiguration;
			buildSettings = {
				ASSETCATALOG_COMPILER_APPICON_NAME = AppIcon;
				ASSETCATALOG_COMPILER_GLOBAL_ACCENT_COLOR_NAME = AccentColor;
				CODE_SIGN_ENTITLEMENTS = Orum/Orum.entitlements;
				CODE_SIGN_STYLE = Automatic;
				CURRENT_PROJECT_VERSION = 1;
				DEVELOPMENT_ASSET_PATHS = "\"Orum/Preview Content\"";
				DEVELOPMENT_TEAM = 3X7HFG8283;
				ENABLE_HARDENED_RUNTIME = YES;
				ENABLE_PREVIEWS = YES;
				GENERATE_INFOPLIST_FILE = YES;
				INFOPLIST_FILE = Orum/Info.plist;
				INFOPLIST_KEY_CFBundleDisplayName = Orum;
				INFOPLIST_KEY_LSApplicationCategoryType = "public.app-category.education";
				INFOPLIST_KEY_NSMicrophoneUsageDescription = "Microphone permission is required to record audio.";
				"INFOPLIST_KEY_UIApplicationSceneManifest_Generation[sdk=iphoneos*]" = YES;
				"INFOPLIST_KEY_UIApplicationSceneManifest_Generation[sdk=iphonesimulator*]" = YES;
				"INFOPLIST_KEY_UIApplicationSupportsIndirectInputEvents[sdk=iphoneos*]" = YES;
				"INFOPLIST_KEY_UIApplicationSupportsIndirectInputEvents[sdk=iphonesimulator*]" = YES;
				"INFOPLIST_KEY_UILaunchScreen_Generation[sdk=iphoneos*]" = YES;
				"INFOPLIST_KEY_UILaunchScreen_Generation[sdk=iphonesimulator*]" = YES;
				"INFOPLIST_KEY_UIStatusBarStyle[sdk=iphoneos*]" = UIStatusBarStyleDefault;
				"INFOPLIST_KEY_UIStatusBarStyle[sdk=iphonesimulator*]" = UIStatusBarStyleDefault;
				INFOPLIST_KEY_UISupportedInterfaceOrientations_iPad = "UIInterfaceOrientationLandscapeLeft UIInterfaceOrientationLandscapeRight UIInterfaceOrientationPortrait UIInterfaceOrientationPortraitUpsideDown";
				INFOPLIST_KEY_UIUserInterfaceStyle = Light;
				IPHONEOS_DEPLOYMENT_TARGET = 17.0;
				LD_RUNPATH_SEARCH_PATHS = "@executable_path/Frameworks";
				"LD_RUNPATH_SEARCH_PATHS[sdk=macosx*]" = "@executable_path/../Frameworks";
				MACOSX_DEPLOYMENT_TARGET = 14.0;
				MARKETING_VERSION = 1.0;
				PRODUCT_BUNDLE_IDENTIFIER = chacha.Orum;
				PRODUCT_NAME = "$(TARGET_NAME)";
				SDKROOT = auto;
				SUPPORTED_PLATFORMS = "iphoneos iphonesimulator macosx";
				SUPPORTS_MACCATALYST = NO;
				SWIFT_EMIT_LOC_STRINGS = YES;
				SWIFT_VERSION = 5.0;
				TARGETED_DEVICE_FAMILY = 1;
			};
			name = Debug;
		};
		930F26D62ADD0D8C00896A32 /* Release */ = {
			isa = XCBuildConfiguration;
			buildSettings = {
				ASSETCATALOG_COMPILER_APPICON_NAME = AppIcon;
				ASSETCATALOG_COMPILER_GLOBAL_ACCENT_COLOR_NAME = AccentColor;
				CODE_SIGN_ENTITLEMENTS = Orum/Orum.entitlements;
				CODE_SIGN_STYLE = Automatic;
				CURRENT_PROJECT_VERSION = 1;
				DEVELOPMENT_ASSET_PATHS = "\"Orum/Preview Content\"";
				DEVELOPMENT_TEAM = 3X7HFG8283;
				ENABLE_HARDENED_RUNTIME = YES;
				ENABLE_PREVIEWS = YES;
				GENERATE_INFOPLIST_FILE = YES;
				INFOPLIST_FILE = Orum/Info.plist;
				INFOPLIST_KEY_CFBundleDisplayName = Orum;
				INFOPLIST_KEY_LSApplicationCategoryType = "public.app-category.education";
				INFOPLIST_KEY_NSMicrophoneUsageDescription = "Microphone permission is required to record audio.";
				"INFOPLIST_KEY_UIApplicationSceneManifest_Generation[sdk=iphoneos*]" = YES;
				"INFOPLIST_KEY_UIApplicationSceneManifest_Generation[sdk=iphonesimulator*]" = YES;
				"INFOPLIST_KEY_UIApplicationSupportsIndirectInputEvents[sdk=iphoneos*]" = YES;
				"INFOPLIST_KEY_UIApplicationSupportsIndirectInputEvents[sdk=iphonesimulator*]" = YES;
				"INFOPLIST_KEY_UILaunchScreen_Generation[sdk=iphoneos*]" = YES;
				"INFOPLIST_KEY_UILaunchScreen_Generation[sdk=iphonesimulator*]" = YES;
				"INFOPLIST_KEY_UIStatusBarStyle[sdk=iphoneos*]" = UIStatusBarStyleDefault;
				"INFOPLIST_KEY_UIStatusBarStyle[sdk=iphonesimulator*]" = UIStatusBarStyleDefault;
				INFOPLIST_KEY_UISupportedInterfaceOrientations_iPad = "UIInterfaceOrientationLandscapeLeft UIInterfaceOrientationLandscapeRight UIInterfaceOrientationPortrait UIInterfaceOrientationPortraitUpsideDown";
				INFOPLIST_KEY_UIUserInterfaceStyle = Light;
				IPHONEOS_DEPLOYMENT_TARGET = 17.0;
				LD_RUNPATH_SEARCH_PATHS = "@executable_path/Frameworks";
				"LD_RUNPATH_SEARCH_PATHS[sdk=macosx*]" = "@executable_path/../Frameworks";
				MACOSX_DEPLOYMENT_TARGET = 14.0;
				MARKETING_VERSION = 1.0;
				PRODUCT_BUNDLE_IDENTIFIER = chacha.Orum;
				PRODUCT_NAME = "$(TARGET_NAME)";
				SDKROOT = auto;
				SUPPORTED_PLATFORMS = "iphoneos iphonesimulator macosx";
				SUPPORTS_MACCATALYST = NO;
				SWIFT_EMIT_LOC_STRINGS = YES;
				SWIFT_VERSION = 5.0;
				TARGETED_DEVICE_FAMILY = 1;
			};
			name = Release;
		};
/* End XCBuildConfiguration section */

/* Begin XCConfigurationList section */
		930F26C02ADD0D8A00896A32 /* Build configuration list for PBXProject "Orum" */ = {
			isa = XCConfigurationList;
			buildConfigurations = (
				930F26D22ADD0D8C00896A32 /* Debug */,
				930F26D32ADD0D8C00896A32 /* Release */,
			);
			defaultConfigurationIsVisible = 0;
			defaultConfigurationName = Release;
		};
		930F26D42ADD0D8C00896A32 /* Build configuration list for PBXNativeTarget "Orum" */ = {
			isa = XCConfigurationList;
			buildConfigurations = (
				930F26D52ADD0D8C00896A32 /* Debug */,
				930F26D62ADD0D8C00896A32 /* Release */,
			);
			defaultConfigurationIsVisible = 0;
			defaultConfigurationName = Release;
		};
/* End XCConfigurationList section */

/* Begin XCRemoteSwiftPackageReference section */
		D96BAC662AE6C35600613540 /* XCRemoteSwiftPackageReference "lottie-ios" */ = {
			isa = XCRemoteSwiftPackageReference;
			repositoryURL = "https://github.com/airbnb/lottie-ios.git";
			requirement = {
				kind = upToNextMajorVersion;
				minimumVersion = 4.3.3;
			};
		};
/* End XCRemoteSwiftPackageReference section */

/* Begin XCSwiftPackageProductDependency section */
		D96BAC672AE6C35600613540 /* Lottie */ = {
			isa = XCSwiftPackageProductDependency;
			package = D96BAC662AE6C35600613540 /* XCRemoteSwiftPackageReference "lottie-ios" */;
			productName = Lottie;
		};
/* End XCSwiftPackageProductDependency section */
	};
	rootObject = 930F26BD2ADD0D8A00896A32 /* Project object */;
}
