// !$*UTF8*$!
{
	archiveVersion = 1;
	classes = {
	};
	objectVersion = 56;
	objects = {

/* Begin PBXBuildFile section */
		930F26C92ADD0D8B00896A32 /* OrumApp.swift in Sources */ = {isa = PBXBuildFile; fileRef = 930F26C82ADD0D8B00896A32 /* OrumApp.swift */; };
		930F26CB2ADD0D8B00896A32 /* ContentView.swift in Sources */ = {isa = PBXBuildFile; fileRef = 930F26CA2ADD0D8B00896A32 /* ContentView.swift */; };
		930F26CD2ADD0D8C00896A32 /* Assets.xcassets in Resources */ = {isa = PBXBuildFile; fileRef = 930F26CC2ADD0D8C00896A32 /* Assets.xcassets */; };
		930F26D12ADD0D8C00896A32 /* Preview Assets.xcassets in Resources */ = {isa = PBXBuildFile; fileRef = 930F26D02ADD0D8C00896A32 /* Preview Assets.xcassets */; };
		930F26DC2ADD0F3D00896A32 /* Model.swift in Sources */ = {isa = PBXBuildFile; fileRef = 930F26DB2ADD0F3D00896A32 /* Model.swift */; };
		930F26DE2ADD0F4C00896A32 /* Extension.swift in Sources */ = {isa = PBXBuildFile; fileRef = 930F26DD2ADD0F4C00896A32 /* Extension.swift */; };
		930F26E02ADD0F6A00896A32 /* ViewModel.swift in Sources */ = {isa = PBXBuildFile; fileRef = 930F26DF2ADD0F6A00896A32 /* ViewModel.swift */; };
		933A8E4A2ADD1A53002AE727 /* Date+RawValue.swift in Sources */ = {isa = PBXBuildFile; fileRef = 933A8E492ADD1A53002AE727 /* Date+RawValue.swift */; };
		933A8E4C2ADD1A84002AE727 /* Calendar+CompareDays.swift in Sources */ = {isa = PBXBuildFile; fileRef = 933A8E4B2ADD1A84002AE727 /* Calendar+CompareDays.swift */; };
		933A8E4E2ADD1AB2002AE727 /* TripDateSettingView.swift in Sources */ = {isa = PBXBuildFile; fileRef = 933A8E4D2ADD1AB2002AE727 /* TripDateSettingView.swift */; };
		933A8E502ADD1AF6002AE727 /* TripRemainingDayView.swift in Sources */ = {isa = PBXBuildFile; fileRef = 933A8E4F2ADD1AF6002AE727 /* TripRemainingDayView.swift */; };
		933A8E522ADD1B2E002AE727 /* FlightInfoSubmitView.swift in Sources */ = {isa = PBXBuildFile; fileRef = 933A8E512ADD1B2E002AE727 /* FlightInfoSubmitView.swift */; };
		93F68C7A2AE0492E00B96F5C /* NavigationManager.swift in Sources */ = {isa = PBXBuildFile; fileRef = 93F68C792AE0492E00B96F5C /* NavigationManager.swift */; };
		93F68C7C2AE04B6600B96F5C /* DepartRemainingTimeView.swift in Sources */ = {isa = PBXBuildFile; fileRef = 93F68C7B2AE04B6600B96F5C /* DepartRemainingTimeView.swift */; };
		D950CF612AE125AF00BD9EB3 /* FlightInfoEditView.swift in Sources */ = {isa = PBXBuildFile; fileRef = D950CF602AE125AF00BD9EB3 /* FlightInfoEditView.swift */; };
		D950CF632AE1277600BD9EB3 /* FlightCodeAPIManager.swift in Sources */ = {isa = PBXBuildFile; fileRef = D950CF622AE1277600BD9EB3 /* FlightCodeAPIManager.swift */; };
		D950CF652AE127C600BD9EB3 /* FlightCodeAPIData.swift in Sources */ = {isa = PBXBuildFile; fileRef = D950CF642AE127C600BD9EB3 /* FlightCodeAPIData.swift */; };
		D950CF672AE1283B00BD9EB3 /* FlightInfo.swift in Sources */ = {isa = PBXBuildFile; fileRef = D950CF662AE1283B00BD9EB3 /* FlightInfo.swift */; };
/* End PBXBuildFile section */

/* Begin PBXFileReference section */
		930F26C52ADD0D8B00896A32 /* Orum.app */ = {isa = PBXFileReference; explicitFileType = wrapper.application; includeInIndex = 0; path = Orum.app; sourceTree = BUILT_PRODUCTS_DIR; };
		930F26C82ADD0D8B00896A32 /* OrumApp.swift */ = {isa = PBXFileReference; lastKnownFileType = sourcecode.swift; path = OrumApp.swift; sourceTree = "<group>"; };
		930F26CA2ADD0D8B00896A32 /* ContentView.swift */ = {isa = PBXFileReference; lastKnownFileType = sourcecode.swift; path = ContentView.swift; sourceTree = "<group>"; };
		930F26CC2ADD0D8C00896A32 /* Assets.xcassets */ = {isa = PBXFileReference; lastKnownFileType = folder.assetcatalog; path = Assets.xcassets; sourceTree = "<group>"; };
		930F26CE2ADD0D8C00896A32 /* Orum.entitlements */ = {isa = PBXFileReference; lastKnownFileType = text.plist.entitlements; path = Orum.entitlements; sourceTree = "<group>"; };
		930F26D02ADD0D8C00896A32 /* Preview Assets.xcassets */ = {isa = PBXFileReference; lastKnownFileType = folder.assetcatalog; path = "Preview Assets.xcassets"; sourceTree = "<group>"; };
		930F26DB2ADD0F3D00896A32 /* Model.swift */ = {isa = PBXFileReference; lastKnownFileType = sourcecode.swift; path = Model.swift; sourceTree = "<group>"; };
		930F26DD2ADD0F4C00896A32 /* Extension.swift */ = {isa = PBXFileReference; lastKnownFileType = sourcecode.swift; path = Extension.swift; sourceTree = "<group>"; };
		930F26DF2ADD0F6A00896A32 /* ViewModel.swift */ = {isa = PBXFileReference; lastKnownFileType = sourcecode.swift; path = ViewModel.swift; sourceTree = "<group>"; };
		933A8E492ADD1A53002AE727 /* Date+RawValue.swift */ = {isa = PBXFileReference; lastKnownFileType = sourcecode.swift; path = "Date+RawValue.swift"; sourceTree = "<group>"; };
		933A8E4B2ADD1A84002AE727 /* Calendar+CompareDays.swift */ = {isa = PBXFileReference; lastKnownFileType = sourcecode.swift; path = "Calendar+CompareDays.swift"; sourceTree = "<group>"; };
		933A8E4D2ADD1AB2002AE727 /* TripDateSettingView.swift */ = {isa = PBXFileReference; lastKnownFileType = sourcecode.swift; path = TripDateSettingView.swift; sourceTree = "<group>"; };
		933A8E4F2ADD1AF6002AE727 /* TripRemainingDayView.swift */ = {isa = PBXFileReference; lastKnownFileType = sourcecode.swift; path = TripRemainingDayView.swift; sourceTree = "<group>"; };
		933A8E512ADD1B2E002AE727 /* FlightInfoSubmitView.swift */ = {isa = PBXFileReference; lastKnownFileType = sourcecode.swift; path = FlightInfoSubmitView.swift; sourceTree = "<group>"; };
		93D0BDA52AE2B54E00455447 /* Info.plist */ = {isa = PBXFileReference; lastKnownFileType = text.plist; path = Info.plist; sourceTree = "<group>"; };
		93F68C792AE0492E00B96F5C /* NavigationManager.swift */ = {isa = PBXFileReference; lastKnownFileType = sourcecode.swift; path = NavigationManager.swift; sourceTree = "<group>"; };
		93F68C7B2AE04B6600B96F5C /* DepartRemainingTimeView.swift */ = {isa = PBXFileReference; lastKnownFileType = sourcecode.swift; path = DepartRemainingTimeView.swift; sourceTree = "<group>"; };
		D950CF602AE125AF00BD9EB3 /* FlightInfoEditView.swift */ = {isa = PBXFileReference; lastKnownFileType = sourcecode.swift; path = FlightInfoEditView.swift; sourceTree = "<group>"; };
		D950CF622AE1277600BD9EB3 /* FlightCodeAPIManager.swift */ = {isa = PBXFileReference; lastKnownFileType = sourcecode.swift; path = FlightCodeAPIManager.swift; sourceTree = "<group>"; };
		D950CF642AE127C600BD9EB3 /* FlightCodeAPIData.swift */ = {isa = PBXFileReference; lastKnownFileType = sourcecode.swift; path = FlightCodeAPIData.swift; sourceTree = "<group>"; };
		D950CF662AE1283B00BD9EB3 /* FlightInfo.swift */ = {isa = PBXFileReference; lastKnownFileType = sourcecode.swift; path = FlightInfo.swift; sourceTree = "<group>"; };
/* End PBXFileReference section */

/* Begin PBXFrameworksBuildPhase section */
		930F26C22ADD0D8B00896A32 /* Frameworks */ = {
			isa = PBXFrameworksBuildPhase;
			buildActionMask = 2147483647;
			files = (
			);
			runOnlyForDeploymentPostprocessing = 0;
		};
/* End PBXFrameworksBuildPhase section */

/* Begin PBXGroup section */
		930F26BC2ADD0D8A00896A32 = {
			isa = PBXGroup;
			children = (
				930F26C72ADD0D8B00896A32 /* Orum */,
				930F26C62ADD0D8B00896A32 /* Products */,
			);
			sourceTree = "<group>";
		};
		930F26C62ADD0D8B00896A32 /* Products */ = {
			isa = PBXGroup;
			children = (
				930F26C52ADD0D8B00896A32 /* Orum.app */,
			);
			name = Products;
			sourceTree = "<group>";
		};
		930F26C72ADD0D8B00896A32 /* Orum */ = {
			isa = PBXGroup;
			children = (
				93D0BDA52AE2B54E00455447 /* Info.plist */,
				930F26DA2ADD0E2600896A32 /* ViewModels */,
				930F26D92ADD0DD900896A32 /* Extensions */,
				930F26D82ADD0DCC00896A32 /* Models */,
				930F26D72ADD0D9F00896A32 /* Views */,
				930F26C82ADD0D8B00896A32 /* OrumApp.swift */,
				930F26CC2ADD0D8C00896A32 /* Assets.xcassets */,
				930F26CE2ADD0D8C00896A32 /* Orum.entitlements */,
				930F26CF2ADD0D8C00896A32 /* Preview Content */,
			);
			path = Orum;
			sourceTree = "<group>";
		};
		930F26CF2ADD0D8C00896A32 /* Preview Content */ = {
			isa = PBXGroup;
			children = (
				930F26D02ADD0D8C00896A32 /* Preview Assets.xcassets */,
			);
			path = "Preview Content";
			sourceTree = "<group>";
		};
		930F26D72ADD0D9F00896A32 /* Views */ = {
			isa = PBXGroup;
			children = (
				930F26CA2ADD0D8B00896A32 /* ContentView.swift */,
				933A8E4D2ADD1AB2002AE727 /* TripDateSettingView.swift */,
				933A8E4F2ADD1AF6002AE727 /* TripRemainingDayView.swift */,
				933A8E512ADD1B2E002AE727 /* FlightInfoSubmitView.swift */,
				D950CF602AE125AF00BD9EB3 /* FlightInfoEditView.swift */,
				93F68C7B2AE04B6600B96F5C /* DepartRemainingTimeView.swift */,
			);
			path = Views;
			sourceTree = "<group>";
		};
		930F26D82ADD0DCC00896A32 /* Models */ = {
			isa = PBXGroup;
			children = (
				930F26DB2ADD0F3D00896A32 /* Model.swift */,
				93F68C792AE0492E00B96F5C /* NavigationManager.swift */,
				D950CF642AE127C600BD9EB3 /* FlightCodeAPIData.swift */,
				D950CF662AE1283B00BD9EB3 /* FlightInfo.swift */,
			);
			path = Models;
			sourceTree = "<group>";
		};
		930F26D92ADD0DD900896A32 /* Extensions */ = {
			isa = PBXGroup;
			children = (
				930F26DD2ADD0F4C00896A32 /* Extension.swift */,
				933A8E492ADD1A53002AE727 /* Date+RawValue.swift */,
				933A8E4B2ADD1A84002AE727 /* Calendar+CompareDays.swift */,
			);
			path = Extensions;
			sourceTree = "<group>";
		};
		930F26DA2ADD0E2600896A32 /* ViewModels */ = {
			isa = PBXGroup;
			children = (
				930F26DF2ADD0F6A00896A32 /* ViewModel.swift */,
				D950CF622AE1277600BD9EB3 /* FlightCodeAPIManager.swift */,
			);
			path = ViewModels;
			sourceTree = "<group>";
		};
/* End PBXGroup section */

/* Begin PBXNativeTarget section */
		930F26C42ADD0D8B00896A32 /* Orum */ = {
			isa = PBXNativeTarget;
			buildConfigurationList = 930F26D42ADD0D8C00896A32 /* Build configuration list for PBXNativeTarget "Orum" */;
			buildPhases = (
				930F26C12ADD0D8B00896A32 /* Sources */,
				930F26C22ADD0D8B00896A32 /* Frameworks */,
				930F26C32ADD0D8B00896A32 /* Resources */,
			);
			buildRules = (
			);
			dependencies = (
			);
			name = Orum;
			productName = Orum;
			productReference = 930F26C52ADD0D8B00896A32 /* Orum.app */;
			productType = "com.apple.product-type.application";
		};
/* End PBXNativeTarget section */

/* Begin PBXProject section */
		930F26BD2ADD0D8A00896A32 /* Project object */ = {
			isa = PBXProject;
			attributes = {
				BuildIndependentTargetsInParallel = 1;
				LastSwiftUpdateCheck = 1500;
				LastUpgradeCheck = 1500;
				TargetAttributes = {
					930F26C42ADD0D8B00896A32 = {
						CreatedOnToolsVersion = 15.0;
					};
				};
			};
			buildConfigurationList = 930F26C02ADD0D8A00896A32 /* Build configuration list for PBXProject "Orum" */;
			compatibilityVersion = "Xcode 14.0";
			developmentRegion = en;
			hasScannedForEncodings = 0;
			knownRegions = (
				en,
				Base,
			);
			mainGroup = 930F26BC2ADD0D8A00896A32;
			productRefGroup = 930F26C62ADD0D8B00896A32 /* Products */;
			projectDirPath = "";
			projectRoot = "";
			targets = (
				930F26C42ADD0D8B00896A32 /* Orum */,
			);
		};
/* End PBXProject section */

/* Begin PBXResourcesBuildPhase section */
		930F26C32ADD0D8B00896A32 /* Resources */ = {
			isa = PBXResourcesBuildPhase;
			buildActionMask = 2147483647;
			files = (
				930F26D12ADD0D8C00896A32 /* Preview Assets.xcassets in Resources */,
				930F26CD2ADD0D8C00896A32 /* Assets.xcassets in Resources */,
			);
			runOnlyForDeploymentPostprocessing = 0;
		};
/* End PBXResourcesBuildPhase section */

/* Begin PBXSourcesBuildPhase section */
		930F26C12ADD0D8B00896A32 /* Sources */ = {
			isa = PBXSourcesBuildPhase;
			buildActionMask = 2147483647;
			files = (
				93F68C7A2AE0492E00B96F5C /* NavigationManager.swift in Sources */,
				930F26E02ADD0F6A00896A32 /* ViewModel.swift in Sources */,
				933A8E522ADD1B2E002AE727 /* FlightInfoSubmitView.swift in Sources */,
				930F26DC2ADD0F3D00896A32 /* Model.swift in Sources */,
				93F68C7C2AE04B6600B96F5C /* DepartRemainingTimeView.swift in Sources */,
				D950CF672AE1283B00BD9EB3 /* FlightInfo.swift in Sources */,
				D950CF632AE1277600BD9EB3 /* FlightCodeAPIManager.swift in Sources */,
				933A8E4E2ADD1AB2002AE727 /* TripDateSettingView.swift in Sources */,
				933A8E4A2ADD1A53002AE727 /* Date+RawValue.swift in Sources */,
				930F26CB2ADD0D8B00896A32 /* ContentView.swift in Sources */,
				D950CF612AE125AF00BD9EB3 /* FlightInfoEditView.swift in Sources */,
				933A8E502ADD1AF6002AE727 /* TripRemainingDayView.swift in Sources */,
				D950CF652AE127C600BD9EB3 /* FlightCodeAPIData.swift in Sources */,
				930F26C92ADD0D8B00896A32 /* OrumApp.swift in Sources */,
				933A8E4C2ADD1A84002AE727 /* Calendar+CompareDays.swift in Sources */,
				930F26DE2ADD0F4C00896A32 /* Extension.swift in Sources */,
			);
			runOnlyForDeploymentPostprocessing = 0;
		};
/* End PBXSourcesBuildPhase section */

/* Begin XCBuildConfiguration section */
		930F26D22ADD0D8C00896A32 /* Debug */ = {
			isa = XCBuildConfiguration;
			buildSettings = {
				ALWAYS_SEARCH_USER_PATHS = NO;
				ASSETCATALOG_COMPILER_GENERATE_SWIFT_ASSET_SYMBOL_EXTENSIONS = YES;
				CLANG_ANALYZER_NONNULL = YES;
				CLANG_ANALYZER_NUMBER_OBJECT_CONVERSION = YES_AGGRESSIVE;
				CLANG_CXX_LANGUAGE_STANDARD = "gnu++20";
				CLANG_ENABLE_MODULES = YES;
				CLANG_ENABLE_OBJC_ARC = YES;
				CLANG_ENABLE_OBJC_WEAK = YES;
				CLANG_WARN_BLOCK_CAPTURE_AUTORELEASING = YES;
				CLANG_WARN_BOOL_CONVERSION = YES;
				CLANG_WARN_COMMA = YES;
				CLANG_WARN_CONSTANT_CONVERSION = YES;
				CLANG_WARN_DEPRECATED_OBJC_IMPLEMENTATIONS = YES;
				CLANG_WARN_DIRECT_OBJC_ISA_USAGE = YES_ERROR;
				CLANG_WARN_DOCUMENTATION_COMMENTS = YES;
				CLANG_WARN_EMPTY_BODY = YES;
				CLANG_WARN_ENUM_CONVERSION = YES;
				CLANG_WARN_INFINITE_RECURSION = YES;
				CLANG_WARN_INT_CONVERSION = YES;
				CLANG_WARN_NON_LITERAL_NULL_CONVERSION = YES;
				CLANG_WARN_OBJC_IMPLICIT_RETAIN_SELF = YES;
				CLANG_WARN_OBJC_LITERAL_CONVERSION = YES;
				CLANG_WARN_OBJC_ROOT_CLASS = YES_ERROR;
				CLANG_WARN_QUOTED_INCLUDE_IN_FRAMEWORK_HEADER = YES;
				CLANG_WARN_RANGE_LOOP_ANALYSIS = YES;
				CLANG_WARN_STRICT_PROTOTYPES = YES;
				CLANG_WARN_SUSPICIOUS_MOVE = YES;
				CLANG_WARN_UNGUARDED_AVAILABILITY = YES_AGGRESSIVE;
				CLANG_WARN_UNREACHABLE_CODE = YES;
				CLANG_WARN__DUPLICATE_METHOD_MATCH = YES;
				COPY_PHASE_STRIP = NO;
				DEBUG_INFORMATION_FORMAT = dwarf;
				ENABLE_STRICT_OBJC_MSGSEND = YES;
				ENABLE_TESTABILITY = YES;
				ENABLE_USER_SCRIPT_SANDBOXING = YES;
				GCC_C_LANGUAGE_STANDARD = gnu17;
				GCC_DYNAMIC_NO_PIC = NO;
				GCC_NO_COMMON_BLOCKS = YES;
				GCC_OPTIMIZATION_LEVEL = 0;
				GCC_PREPROCESSOR_DEFINITIONS = (
					"DEBUG=1",
					"$(inherited)",
				);
				GCC_WARN_64_TO_32_BIT_CONVERSION = YES;
				GCC_WARN_ABOUT_RETURN_TYPE = YES_ERROR;
				GCC_WARN_UNDECLARED_SELECTOR = YES;
				GCC_WARN_UNINITIALIZED_AUTOS = YES_AGGRESSIVE;
				GCC_WARN_UNUSED_FUNCTION = YES;
				GCC_WARN_UNUSED_VARIABLE = YES;
				LOCALIZATION_PREFERS_STRING_CATALOGS = YES;
				MTL_ENABLE_DEBUG_INFO = INCLUDE_SOURCE;
				MTL_FAST_MATH = YES;
				ONLY_ACTIVE_ARCH = YES;
				SWIFT_ACTIVE_COMPILATION_CONDITIONS = "DEBUG $(inherited)";
				SWIFT_OPTIMIZATION_LEVEL = "-Onone";
			};
			name = Debug;
		};
		930F26D32ADD0D8C00896A32 /* Release */ = {
			isa = XCBuildConfiguration;
			buildSettings = {
				ALWAYS_SEARCH_USER_PATHS = NO;
				ASSETCATALOG_COMPILER_GENERATE_SWIFT_ASSET_SYMBOL_EXTENSIONS = YES;
				CLANG_ANALYZER_NONNULL = YES;
				CLANG_ANALYZER_NUMBER_OBJECT_CONVERSION = YES_AGGRESSIVE;
				CLANG_CXX_LANGUAGE_STANDARD = "gnu++20";
				CLANG_ENABLE_MODULES = YES;
				CLANG_ENABLE_OBJC_ARC = YES;
				CLANG_ENABLE_OBJC_WEAK = YES;
				CLANG_WARN_BLOCK_CAPTURE_AUTORELEASING = YES;
				CLANG_WARN_BOOL_CONVERSION = YES;
				CLANG_WARN_COMMA = YES;
				CLANG_WARN_CONSTANT_CONVERSION = YES;
				CLANG_WARN_DEPRECATED_OBJC_IMPLEMENTATIONS = YES;
				CLANG_WARN_DIRECT_OBJC_ISA_USAGE = YES_ERROR;
				CLANG_WARN_DOCUMENTATION_COMMENTS = YES;
				CLANG_WARN_EMPTY_BODY = YES;
				CLANG_WARN_ENUM_CONVERSION = YES;
				CLANG_WARN_INFINITE_RECURSION = YES;
				CLANG_WARN_INT_CONVERSION = YES;
				CLANG_WARN_NON_LITERAL_NULL_CONVERSION = YES;
				CLANG_WARN_OBJC_IMPLICIT_RETAIN_SELF = YES;
				CLANG_WARN_OBJC_LITERAL_CONVERSION = YES;
				CLANG_WARN_OBJC_ROOT_CLASS = YES_ERROR;
				CLANG_WARN_QUOTED_INCLUDE_IN_FRAMEWORK_HEADER = YES;
				CLANG_WARN_RANGE_LOOP_ANALYSIS = YES;
				CLANG_WARN_STRICT_PROTOTYPES = YES;
				CLANG_WARN_SUSPICIOUS_MOVE = YES;
				CLANG_WARN_UNGUARDED_AVAILABILITY = YES_AGGRESSIVE;
				CLANG_WARN_UNREACHABLE_CODE = YES;
				CLANG_WARN__DUPLICATE_METHOD_MATCH = YES;
				COPY_PHASE_STRIP = NO;
				DEBUG_INFORMATION_FORMAT = "dwarf-with-dsym";
				ENABLE_NS_ASSERTIONS = NO;
				ENABLE_STRICT_OBJC_MSGSEND = YES;
				ENABLE_USER_SCRIPT_SANDBOXING = YES;
				GCC_C_LANGUAGE_STANDARD = gnu17;
				GCC_NO_COMMON_BLOCKS = YES;
				GCC_WARN_64_TO_32_BIT_CONVERSION = YES;
				GCC_WARN_ABOUT_RETURN_TYPE = YES_ERROR;
				GCC_WARN_UNDECLARED_SELECTOR = YES;
				GCC_WARN_UNINITIALIZED_AUTOS = YES_AGGRESSIVE;
				GCC_WARN_UNUSED_FUNCTION = YES;
				GCC_WARN_UNUSED_VARIABLE = YES;
				LOCALIZATION_PREFERS_STRING_CATALOGS = YES;
				MTL_ENABLE_DEBUG_INFO = NO;
				MTL_FAST_MATH = YES;
				SWIFT_COMPILATION_MODE = wholemodule;
			};
			name = Release;
		};
		930F26D52ADD0D8C00896A32 /* Debug */ = {
			isa = XCBuildConfiguration;
			buildSettings = {
				ASSETCATALOG_COMPILER_APPICON_NAME = AppIcon;
				ASSETCATALOG_COMPILER_GLOBAL_ACCENT_COLOR_NAME = AccentColor;
				CODE_SIGN_ENTITLEMENTS = Orum/Orum.entitlements;
				CODE_SIGN_STYLE = Automatic;
				CURRENT_PROJECT_VERSION = 1;
				DEVELOPMENT_ASSET_PATHS = "\"Orum/Preview Content\"";
				DEVELOPMENT_TEAM = 834B9VMHHG;
				ENABLE_HARDENED_RUNTIME = YES;
				ENABLE_PREVIEWS = YES;
				GENERATE_INFOPLIST_FILE = YES;
				INFOPLIST_FILE = Orum/Info.plist;
				"INFOPLIST_KEY_UIApplicationSceneManifest_Generation[sdk=iphoneos*]" = YES;
				"INFOPLIST_KEY_UIApplicationSceneManifest_Generation[sdk=iphonesimulator*]" = YES;
				"INFOPLIST_KEY_UIApplicationSupportsIndirectInputEvents[sdk=iphoneos*]" = YES;
				"INFOPLIST_KEY_UIApplicationSupportsIndirectInputEvents[sdk=iphonesimulator*]" = YES;
				"INFOPLIST_KEY_UILaunchScreen_Generation[sdk=iphoneos*]" = YES;
				"INFOPLIST_KEY_UILaunchScreen_Generation[sdk=iphonesimulator*]" = YES;
				"INFOPLIST_KEY_UIStatusBarStyle[sdk=iphoneos*]" = UIStatusBarStyleDefault;
				"INFOPLIST_KEY_UIStatusBarStyle[sdk=iphonesimulator*]" = UIStatusBarStyleDefault;
				INFOPLIST_KEY_UISupportedInterfaceOrientations_iPad = "UIInterfaceOrientationPortrait UIInterfaceOrientationPortraitUpsideDown UIInterfaceOrientationLandscapeLeft UIInterfaceOrientationLandscapeRight";
				IPHONEOS_DEPLOYMENT_TARGET = 17.0;
				LD_RUNPATH_SEARCH_PATHS = "@executable_path/Frameworks";
				"LD_RUNPATH_SEARCH_PATHS[sdk=macosx*]" = "@executable_path/../Frameworks";
				MACOSX_DEPLOYMENT_TARGET = 14.0;
				MARKETING_VERSION = 1.0;
				PRODUCT_BUNDLE_IDENTIFIER = chacha.Orum;
				PRODUCT_NAME = "$(TARGET_NAME)";
				SDKROOT = auto;
				SUPPORTED_PLATFORMS = "iphoneos iphonesimulator macosx";
				SWIFT_EMIT_LOC_STRINGS = YES;
				SWIFT_VERSION = 5.0;
				TARGETED_DEVICE_FAMILY = "1,2";
			};
			name = Debug;
		};
		930F26D62ADD0D8C00896A32 /* Release */ = {
			isa = XCBuildConfiguration;
			buildSettings = {
				ASSETCATALOG_COMPILER_APPICON_NAME = AppIcon;
				ASSETCATALOG_COMPILER_GLOBAL_ACCENT_COLOR_NAME = AccentColor;
				CODE_SIGN_ENTITLEMENTS = Orum/Orum.entitlements;
				CODE_SIGN_STYLE = Automatic;
				CURRENT_PROJECT_VERSION = 1;
				DEVELOPMENT_ASSET_PATHS = "\"Orum/Preview Content\"";
				DEVELOPMENT_TEAM = 834B9VMHHG;
				ENABLE_HARDENED_RUNTIME = YES;
				ENABLE_PREVIEWS = YES;
				GENERATE_INFOPLIST_FILE = YES;
				INFOPLIST_FILE = Orum/Info.plist;
				"INFOPLIST_KEY_UIApplicationSceneManifest_Generation[sdk=iphoneos*]" = YES;
				"INFOPLIST_KEY_UIApplicationSceneManifest_Generation[sdk=iphonesimulator*]" = YES;
				"INFOPLIST_KEY_UIApplicationSupportsIndirectInputEvents[sdk=iphoneos*]" = YES;
				"INFOPLIST_KEY_UIApplicationSupportsIndirectInputEvents[sdk=iphonesimulator*]" = YES;
				"INFOPLIST_KEY_UILaunchScreen_Generation[sdk=iphoneos*]" = YES;
				"INFOPLIST_KEY_UILaunchScreen_Generation[sdk=iphonesimulator*]" = YES;
				"INFOPLIST_KEY_UIStatusBarStyle[sdk=iphoneos*]" = UIStatusBarStyleDefault;
				"INFOPLIST_KEY_UIStatusBarStyle[sdk=iphonesimulator*]" = UIStatusBarStyleDefault;
				INFOPLIST_KEY_UISupportedInterfaceOrientations_iPad = "UIInterfaceOrientationPortrait UIInterfaceOrientationPortraitUpsideDown UIInterfaceOrientationLandscapeLeft UIInterfaceOrientationLandscapeRight";
				IPHONEOS_DEPLOYMENT_TARGET = 17.0;
				LD_RUNPATH_SEARCH_PATHS = "@executable_path/Frameworks";
				"LD_RUNPATH_SEARCH_PATHS[sdk=macosx*]" = "@executable_path/../Frameworks";
				MACOSX_DEPLOYMENT_TARGET = 14.0;
				MARKETING_VERSION = 1.0;
				PRODUCT_BUNDLE_IDENTIFIER = chacha.Orum;
				PRODUCT_NAME = "$(TARGET_NAME)";
				SDKROOT = auto;
				SUPPORTED_PLATFORMS = "iphoneos iphonesimulator macosx";
				SWIFT_EMIT_LOC_STRINGS = YES;
				SWIFT_VERSION = 5.0;
				TARGETED_DEVICE_FAMILY = "1,2";
			};
			name = Release;
		};
/* End XCBuildConfiguration section */

/* Begin XCConfigurationList section */
		930F26C02ADD0D8A00896A32 /* Build configuration list for PBXProject "Orum" */ = {
			isa = XCConfigurationList;
			buildConfigurations = (
				930F26D22ADD0D8C00896A32 /* Debug */,
				930F26D32ADD0D8C00896A32 /* Release */,
			);
			defaultConfigurationIsVisible = 0;
			defaultConfigurationName = Release;
		};
		930F26D42ADD0D8C00896A32 /* Build configuration list for PBXNativeTarget "Orum" */ = {
			isa = XCConfigurationList;
			buildConfigurations = (
				930F26D52ADD0D8C00896A32 /* Debug */,
				930F26D62ADD0D8C00896A32 /* Release */,
			);
			defaultConfigurationIsVisible = 0;
			defaultConfigurationName = Release;
		};
/* End XCConfigurationList section */
	};
	rootObject = 930F26BD2ADD0D8A00896A32 /* Project object */;
}
